
Microsoft Visual Studio Solution File, Format Version 12.00
# Visual Studio Version 17
VisualStudioVersion = 17.14.36212.18 d17.14
MinimumVisualStudioVersion = 10.0.40219.1
Project("{FAE04EC0-301F-11D3-BF4B-00C04F79EFBC}") = "KafkaChatConsumer", "KafkaChatConsumer\KafkaChatConsumer.csproj", "{0F90F25F-68BA-4715-9924-0C6112C804F2}"
EndProject
Project("{FAE04EC0-301F-11D3-BF4B-00C04F79EFBC}") = "KafkaChatPublisher", "..\KafkaChatPublisher\KafkaChatPublisher\KafkaChatPublisher.csproj", "{E077F0E4-D598-D8D4-BF43-07F7C06554FA}"
EndProject
Global
	GlobalSection(SolutionConfigurationPlatforms) = preSolution
		Debug|Any CPU = Debug|Any CPU
		Release|Any CPU = Release|Any CPU
	EndGlobalSection
	GlobalSection(ProjectConfigurationPlatforms) = postSolution
		{0F90F25F-68BA-4715-9924-0C6112C804F2}.Debug|Any CPU.ActiveCfg = Debug|Any CPU
		{0F90F25F-68BA-4715-9924-0C6112C804F2}.Debug|Any CPU.Build.0 = Debug|Any CPU
		{0F90F25F-68BA-4715-9924-0C6112C804F2}.Release|Any CPU.ActiveCfg = Release|Any CPU
		{0F90F25F-68BA-4715-9924-0C6112C804F2}.Release|Any CPU.Build.0 = Release|Any CPU
		{E077F0E4-D598-D8D4-BF43-07F7C06554FA}.Debug|Any CPU.ActiveCfg = Debug|Any CPU
		{E077F0E4-D598-D8D4-BF43-07F7C06554FA}.Debug|Any CPU.Build.0 = Debug|Any CPU
		{E077F0E4-D598-D8D4-BF43-07F7C06554FA}.Release|Any CPU.ActiveCfg = Release|Any CPU
		{E077F0E4-D598-D8D4-BF43-07F7C06554FA}.Release|Any CPU.Build.0 = Release|Any CPU
	EndGlobalSection
	GlobalSection(SolutionProperties) = preSolution
		HideSolutionNode = FALSE
	EndGlobalSection
	GlobalSection(ExtensibilityGlobals) = postSolution
		SolutionGuid = {1CE619ED-8987-41A0-A12F-CBF0F26CEF77}
	EndGlobalSection
EndGlobal
